{
  "nodes": {
    "arbitrary-main": {
      "inputs": {
        "flakeNimbleLib": [
          "flakeNimbleLib"
        ],
        "nixpkgs": [
          "nixpkgs"
        ],
        "src-arbitrary-main": "src-arbitrary-main"
      },
      "locked": {
        "dir": "main",
        "lastModified": 1662254339,
        "narHash": "sha256-QiYV5uXw2PdF5yMr+VNOY7SlrE7Hh/vk48IiP6yXpLs=",
        "owner": "nim-nix-pkgs",
        "repo": "arbitrary",
        "rev": "730833f395fda5467ba8fdd38964393ed32c0b7b",
        "type": "github"
      },
      "original": {
        "dir": "main",
        "owner": "nim-nix-pkgs",
        "ref": "master",
        "repo": "arbitrary",
        "type": "github"
      }
    },
    "flakeNimbleLib": {
      "inputs": {
        "nixpkgs": [
          "nixpkgs"
        ]
      },
      "locked": {
        "lastModified": 1662018438,
        "narHash": "sha256-QtNtU6+LX3Wokxf0zlFwKTFOcn6TeDjKQZ+DA9OYtvM=",
        "owner": "riinr",
        "repo": "nim-flakes-lib",
        "rev": "b1fe8340736e3a85d25c709ac3dfd82a55c03cbf",
        "type": "github"
      },
      "original": {
        "owner": "riinr",
        "ref": "master",
        "repo": "nim-flakes-lib",
        "type": "github"
      }
    },
    "nixpkgs": {
      "locked": {
        "lastModified": 1667110639,
        "narHash": "sha256-4FbPESZ5LbqQxkJJJBAfk/zKgF9h/4kyUwjjpJwYlbc=",
        "owner": "NixOS",
        "repo": "nixpkgs",
        "rev": "f38a1f04d1bec1feb61fd101a0539ae2002a7087",
        "type": "github"
      },
      "original": {
        "id": "nixpkgs",
        "type": "indirect"
      }
    },
    "root": {
      "inputs": {
        "arbitrary-main": "arbitrary-main",
        "flakeNimbleLib": "flakeNimbleLib",
        "nixpkgs": "nixpkgs"
      }
    },
    "src-arbitrary-main": {
      "flake": false,
      "locked": {
        "lastModified": 1657898655,
        "narHash": "sha256-9zIQbWYJhSbB1xShcme+T8aL/CqutfqxoOwlc+dZZN4=",
        "owner": "planetis-m",
        "repo": "arbitrary",
        "rev": "6986e9befaf5fcd44e2adf7cfca048dbd3f7f0c5",
        "type": "github"
      },
      "original": {
        "owner": "planetis-m",
        "ref": "refs/heads/main",
        "repo": "arbitrary",
        "type": "github"
      }
    }
  },
  "root": "root",
  "version": 7
}
